
Microsoft Visual Studio Solution File, Format Version 12.00
# Visual Studio Version 16
VisualStudioVersion = 16.0.28922.388
MinimumVisualStudioVersion = 10.0.40219.1
Project("{FAE04EC0-301F-11D3-BF4B-00C04F79EFBC}") = "Less7", "Less7.csproj", "{2FB8C05C-B8C1-4F56-A441-DCA865FBC15B}"
EndProject
Global
	GlobalSection(SolutionConfigurationPlatforms) = preSolution
		Debug|Any CPU = Debug|Any CPU
		Release|Any CPU = Release|Any CPU
	EndGlobalSection
	GlobalSection(ProjectConfigurationPlatforms) = postSolution
		{2FB8C05C-B8C1-4F56-A441-DCA865FBC15B}.Debug|Any CPU.ActiveCfg = Debug|Any CPU
		{2FB8C05C-B8C1-4F56-A441-DCA865FBC15B}.Debug|Any CPU.Build.0 = Debug|Any CPU
		{2FB8C05C-B8C1-4F56-A441-DCA865FBC15B}.Release|Any CPU.ActiveCfg = Release|Any CPU
		{2FB8C05C-B8C1-4F56-A441-DCA865FBC15B}.Release|Any CPU.Build.0 = Release|Any CPU
	EndGlobalSection
	GlobalSection(SolutionProperties) = preSolution
		HideSolutionNode = FALSE
	EndGlobalSection
	GlobalSection(ExtensibilityGlobals) = postSolution
		SolutionGuid = {091D07F5-DA96-4D70-9E23-502284CF6CA9}
	EndGlobalSection
EndGlobal
